github.com/aldyN25/mod_Say_Hello v1.0.0 h1:587Xa7BvgPhiXIUBiIzuYXKHnRTFGfi7xS5eXFnMgtc=
github.com/aldyN25/mod_Say_Hello v1.0.0/go.mod h1:FV/yTGJjvrfZDcUOaKX49L0GqWVSWTOnGPmfhSOq4MM=
github.com/aldyN25/mod_Say_Hello/v2 v2.0.0 h1:pLwOFim4vLZrB5a6Ck4qToiciT9HBAqPyLg55oIg+Dw=
github.com/aldyN25/mod_Say_Hello/v2 v2.0.0/go.mod h1:XvCJWt8rZnvAoKWYueRzZaGd3y+XCmodeF0L/OxKmQk=
